<Solution>
  <Project Path="../../../../../../../../CTU OCC SE/OCC SE Year 2 (2026)/SDT621/Formatives/SDT621_PM04/MzansiPayrollSystem.Tests/MzansiPayrollSystem.Tests.csproj" />
  <Project Path="../../../../../../../../CTU OCC SE/OCC SE Year 2 (2026)/SDT621/Formatives/SDT621_PM04/MzansiPayrollSystem/MzansiPayrollSystem.csproj" Id="b440288b-bbed-4f86-ac62-9f1711764856" />
</Solution>
